
Microsoft Visual Studio Solution File, Format Version 12.00
# Visual Studio Version 17
VisualStudioVersion = 17.7.34031.279
MinimumVisualStudioVersion = 10.0.40219.1
Project("{9A19103F-16F7-4668-BE54-9A1E7A4F7556}") = "AzucareraPomalca.Api", "AzucareraPomalca.Api\AzucareraPomalca.Api.csproj", "{5D65B1D8-A5E3-4488-90CE-50A41778F087}"
EndProject
Project("{9A19103F-16F7-4668-BE54-9A1E7A4F7556}") = "AzucareraPomalca.Domain", "AzucareraPomalca.Domain\AzucareraPomalca.Domain.csproj", "{9F2A1767-1B35-4EC0-9426-2868DDCEAD50}"
EndProject
Project("{9A19103F-16F7-4668-BE54-9A1E7A4F7556}") = "AzucareraPomalca.Application", "AzucareraPomalca.Application\AzucareraPomalca.Application.csproj", "{3959505E-EE0B-40DE-8B08-2B4653DFF8D1}"
EndProject
Project("{9A19103F-16F7-4668-BE54-9A1E7A4F7556}") = "AzucareraPomalca.Infrastructure", "AzucareraPomalca.Infrastructure\AzucareraPomalca.Infrastructure.csproj", "{BAA7071E-41D8-4DB7-AF9E-87BE56D8DB3A}"
EndProject
Project("{9A19103F-16F7-4668-BE54-9A1E7A4F7556}") = "AzucareraPomalca.Core", "AzucareraPomalca.Core\AzucareraPomalca.Core.csproj", "{29C069F0-01C2-45DD-BA9A-E5454CB79F7A}"
EndProject
Project("{FAE04EC0-301F-11D3-BF4B-00C04F79EFBC}") = "AzucareraPomalca.Utils", "AzucareraPomalca.Utils\AzucareraPomalca.Utils.csproj", "{1AF99594-8D0D-494E-931B-2993C4E6E146}"
EndProject
Global
	GlobalSection(SolutionConfigurationPlatforms) = preSolution
		Debug|Any CPU = Debug|Any CPU
		Release|Any CPU = Release|Any CPU
	EndGlobalSection
	GlobalSection(ProjectConfigurationPlatforms) = postSolution
		{5D65B1D8-A5E3-4488-90CE-50A41778F087}.Debug|Any CPU.ActiveCfg = Debug|Any CPU
		{5D65B1D8-A5E3-4488-90CE-50A41778F087}.Debug|Any CPU.Build.0 = Debug|Any CPU
		{5D65B1D8-A5E3-4488-90CE-50A41778F087}.Release|Any CPU.ActiveCfg = Release|Any CPU
		{5D65B1D8-A5E3-4488-90CE-50A41778F087}.Release|Any CPU.Build.0 = Release|Any CPU
		{9F2A1767-1B35-4EC0-9426-2868DDCEAD50}.Debug|Any CPU.ActiveCfg = Debug|Any CPU
		{9F2A1767-1B35-4EC0-9426-2868DDCEAD50}.Debug|Any CPU.Build.0 = Debug|Any CPU
		{9F2A1767-1B35-4EC0-9426-2868DDCEAD50}.Release|Any CPU.ActiveCfg = Release|Any CPU
		{9F2A1767-1B35-4EC0-9426-2868DDCEAD50}.Release|Any CPU.Build.0 = Release|Any CPU
		{3959505E-EE0B-40DE-8B08-2B4653DFF8D1}.Debug|Any CPU.ActiveCfg = Debug|Any CPU
		{3959505E-EE0B-40DE-8B08-2B4653DFF8D1}.Debug|Any CPU.Build.0 = Debug|Any CPU
		{3959505E-EE0B-40DE-8B08-2B4653DFF8D1}.Release|Any CPU.ActiveCfg = Release|Any CPU
		{3959505E-EE0B-40DE-8B08-2B4653DFF8D1}.Release|Any CPU.Build.0 = Release|Any CPU
		{BAA7071E-41D8-4DB7-AF9E-87BE56D8DB3A}.Debug|Any CPU.ActiveCfg = Debug|Any CPU
		{BAA7071E-41D8-4DB7-AF9E-87BE56D8DB3A}.Debug|Any CPU.Build.0 = Debug|Any CPU
		{BAA7071E-41D8-4DB7-AF9E-87BE56D8DB3A}.Release|Any CPU.ActiveCfg = Release|Any CPU
		{BAA7071E-41D8-4DB7-AF9E-87BE56D8DB3A}.Release|Any CPU.Build.0 = Release|Any CPU
		{29C069F0-01C2-45DD-BA9A-E5454CB79F7A}.Debug|Any CPU.ActiveCfg = Debug|Any CPU
		{29C069F0-01C2-45DD-BA9A-E5454CB79F7A}.Debug|Any CPU.Build.0 = Debug|Any CPU
		{29C069F0-01C2-45DD-BA9A-E5454CB79F7A}.Release|Any CPU.ActiveCfg = Release|Any CPU
		{29C069F0-01C2-45DD-BA9A-E5454CB79F7A}.Release|Any CPU.Build.0 = Release|Any CPU
		{1AF99594-8D0D-494E-931B-2993C4E6E146}.Debug|Any CPU.ActiveCfg = Debug|Any CPU
		{1AF99594-8D0D-494E-931B-2993C4E6E146}.Debug|Any CPU.Build.0 = Debug|Any CPU
		{1AF99594-8D0D-494E-931B-2993C4E6E146}.Release|Any CPU.ActiveCfg = Release|Any CPU
		{1AF99594-8D0D-494E-931B-2993C4E6E146}.Release|Any CPU.Build.0 = Release|Any CPU
	EndGlobalSection
	GlobalSection(SolutionProperties) = preSolution
		HideSolutionNode = FALSE
	EndGlobalSection
	GlobalSection(ExtensibilityGlobals) = postSolution
		SolutionGuid = {6BF44A22-93A2-4E67-A586-BEC82350B97F}
	EndGlobalSection
EndGlobal
